
Microsoft Visual Studio Solution File, Format Version 12.00
# Visual Studio Version 17
VisualStudioVersion = 17.13.35931.197 d17.13
MinimumVisualStudioVersion = 10.0.40219.1
Project("{FAE04EC0-301F-11D3-BF4B-00C04F79EFBC}") = "WebAPI", "WebAPI\WebAPI.csproj", "{AA547057-BB99-4180-A075-DC22EA6F70D6}"
EndProject
Global
	GlobalSection(SolutionConfigurationPlatforms) = preSolution
		Debug|Any CPU = Debug|Any CPU
		Release|Any CPU = Release|Any CPU
	EndGlobalSection
	GlobalSection(ProjectConfigurationPlatforms) = postSolution
		{AA547057-BB99-4180-A075-DC22EA6F70D6}.Debug|Any CPU.ActiveCfg = Debug|Any CPU
		{AA547057-BB99-4180-A075-DC22EA6F70D6}.Debug|Any CPU.Build.0 = Debug|Any CPU
		{AA547057-BB99-4180-A075-DC22EA6F70D6}.Release|Any CPU.ActiveCfg = Release|Any CPU
		{AA547057-BB99-4180-A075-DC22EA6F70D6}.Release|Any CPU.Build.0 = Release|Any CPU
	EndGlobalSection
	GlobalSection(SolutionProperties) = preSolution
		HideSolutionNode = FALSE
	EndGlobalSection
	GlobalSection(ExtensibilityGlobals) = postSolution
		SolutionGuid = {401FC78A-13F0-4417-A383-4071C9933174}
	EndGlobalSection
EndGlobal
